{
    "_meta": {
        "hash": {
            "sha256": "57c088ff729a710656fd408f0288e974f1ef93364fc4e965c1e65fddfd0fdcf5"
        },
        "pipfile-spec": 6,
        "requires": {
            "python_version": "3.8"
        },
        "sources": [
            {
                "name": "pypi",
                "url": "https://pypi.org/simple",
                "verify_ssl": true
            }
        ]
    },
    "default": {
        "asyncio-nats-client": {
            "hashes": [
                "sha256:9ff7e3a386bcb49851062bc9f43c26d6ab9079e22014de946ccec7da570b445f"
            ],
            "index": "pypi",
            "version": "==0.10.0"
        },
        "rethinkdb": {
            "hashes": [
                "sha256:945b5efdc10f468fc056bd53a4e4224ec4c2fe1a7e83ae47443bbb6e7c7a1f7d",
                "sha256:95eae79b2c20202567f2731e729764f13caa2d1366a8639edbe1413195b6e151"
            ],
            "index": "pypi",
            "version": "==2.4.7"
        },
        "six": {
            "hashes": [
                "sha256:30639c035cdb23534cd4aa2dd52c3bf48f06e5f4a941509c8bafd8ce11080259",
                "sha256:8b74bedcbbbaca38ff6d7491d76f2b06b3592611af620f8426e82dddb04a5ced"
            ],
            "version": "==1.15.0"
        }
    },
    "develop": {}
}
